
Microsoft Visual Studio Solution File, Format Version 12.00
# Visual Studio 15
VisualStudioVersion = 15.0.28307.572
MinimumVisualStudioVersion = 10.0.40219.1
Project("{9A19103F-16F7-4668-BE54-9A1E7A4F7556}") = "ObserverPattern", "ObserverPattern\ObserverPattern.csproj", "{C9ED4CA3-EDD9-427F-8384-DCF950521807}"
EndProject
Global
	GlobalSection(SolutionConfigurationPlatforms) = preSolution
		Debug|Any CPU = Debug|Any CPU
		Release|Any CPU = Release|Any CPU
	EndGlobalSection
	GlobalSection(ProjectConfigurationPlatforms) = postSolution
		{C9ED4CA3-EDD9-427F-8384-DCF950521807}.Debug|Any CPU.ActiveCfg = Debug|Any CPU
		{C9ED4CA3-EDD9-427F-8384-DCF950521807}.Debug|Any CPU.Build.0 = Debug|Any CPU
		{C9ED4CA3-EDD9-427F-8384-DCF950521807}.Release|Any CPU.ActiveCfg = Release|Any CPU
		{C9ED4CA3-EDD9-427F-8384-DCF950521807}.Release|Any CPU.Build.0 = Release|Any CPU
	EndGlobalSection
	GlobalSection(SolutionProperties) = preSolution
		HideSolutionNode = FALSE
	EndGlobalSection
	GlobalSection(ExtensibilityGlobals) = postSolution
		SolutionGuid = {754511DA-FCF3-40B6-938E-4A7E6F87935C}
	EndGlobalSection
EndGlobal
